{
  "name": "elderease",
  "version": "1.0.0",
  "lockfileVersion": 3,
  "requires": true,
  "author": "Aditya Tripathi",
  "packages": {
    "": {
      "name": "elderease",
      "version": "1.0.0",
      "license": "ISC",
      "dependencies": {
        "gsap": "^3.13.0"
      },
      "devDependencies": {}
    }
  }
}
